// !$*UTF8*$!
{
	archiveVersion = 1;
	classes = {
	};
	objectVersion = 56;
	objects = {

/* Begin PBXBuildFile section */
		AAB950BC2A134CD200E77FD2 /* iOSSolvesUtilities.docc in Sources */ = {isa = PBXBuildFile; fileRef = AAB950BB2A134CD200E77FD2 /* iOSSolvesUtilities.docc */; };
		AAB950C22A134CD200E77FD2 /* iOSSolvesUtilities.framework in Frameworks */ = {isa = PBXBuildFile; fileRef = AAB950B72A134CD200E77FD2 /* iOSSolvesUtilities.framework */; };
		AAB950C72A134CD200E77FD2 /* iOSSolvesUtilitiesTests.swift in Sources */ = {isa = PBXBuildFile; fileRef = AAB950C62A134CD200E77FD2 /* iOSSolvesUtilitiesTests.swift */; };
		AAB950C82A134CD200E77FD2 /* iOSSolvesUtilities.h in Headers */ = {isa = PBXBuildFile; fileRef = AAB950BA2A134CD200E77FD2 /* iOSSolvesUtilities.h */; settings = {ATTRIBUTES = (Public, ); }; };
		AAB950D22A134D6000E77FD2 /* iOSSolvesUtilities.swift in Sources */ = {isa = PBXBuildFile; fileRef = AAB950D12A134D6000E77FD2 /* iOSSolvesUtilities.swift */; };
		AAB950D32A134D6000E77FD2 /* iOSSolvesUtilities.swift in Sources */ = {isa = PBXBuildFile; fileRef = AAB950D12A134D6000E77FD2 /* iOSSolvesUtilities.swift */; };
		AAB950F92A13546600E77FD2 /* iOSSolvesUtilities_iOS.docc in Sources */ = {isa = PBXBuildFile; fileRef = AAB950F82A13546600E77FD2 /* iOSSolvesUtilities_iOS.docc */; };
		AAB950FF2A13546600E77FD2 /* iOSSolvesUtilities_iOS.framework in Frameworks */ = {isa = PBXBuildFile; fileRef = AAB950F52A13546600E77FD2 /* iOSSolvesUtilities_iOS.framework */; };
		AAB951042A13546700E77FD2 /* iOSSolvesUtilities_iOSTests.swift in Sources */ = {isa = PBXBuildFile; fileRef = AAB951032A13546700E77FD2 /* iOSSolvesUtilities_iOSTests.swift */; };
		AAB951052A13546700E77FD2 /* iOSSolvesUtilities_iOS.h in Headers */ = {isa = PBXBuildFile; fileRef = AAB950F72A13546600E77FD2 /* iOSSolvesUtilities_iOS.h */; settings = {ATTRIBUTES = (Public, ); }; };
		AAB9510D2A1354F100E77FD2 /* Info-iOS.plist in Resources */ = {isa = PBXBuildFile; fileRef = AAB9510C2A1354F100E77FD2 /* Info-iOS.plist */; };
/* End PBXBuildFile section */

/* Begin PBXContainerItemProxy section */
		AAB950C32A134CD200E77FD2 /* PBXContainerItemProxy */ = {
			isa = PBXContainerItemProxy;
			containerPortal = AAB950AE2A134CD200E77FD2 /* Project object */;
			proxyType = 1;
			remoteGlobalIDString = AAB950B62A134CD200E77FD2;
			remoteInfo = iOSSolvesUtilities;
		};
		AAB951002A13546600E77FD2 /* PBXContainerItemProxy */ = {
			isa = PBXContainerItemProxy;
			containerPortal = AAB950AE2A134CD200E77FD2 /* Project object */;
			proxyType = 1;
			remoteGlobalIDString = AAB950F42A13546600E77FD2;
			remoteInfo = "iOSSolvesUtilities iOS";
		};
/* End PBXContainerItemProxy section */

/* Begin PBXFileReference section */
		AAB950B72A134CD200E77FD2 /* iOSSolvesUtilities.framework */ = {isa = PBXFileReference; explicitFileType = wrapper.framework; includeInIndex = 0; path = iOSSolvesUtilities.framework; sourceTree = BUILT_PRODUCTS_DIR; };
		AAB950BA2A134CD200E77FD2 /* iOSSolvesUtilities.h */ = {isa = PBXFileReference; lastKnownFileType = sourcecode.c.h; path = iOSSolvesUtilities.h; sourceTree = "<group>"; };
		AAB950BB2A134CD200E77FD2 /* iOSSolvesUtilities.docc */ = {isa = PBXFileReference; lastKnownFileType = folder.documentationcatalog; path = iOSSolvesUtilities.docc; sourceTree = "<group>"; };
		AAB950C12A134CD200E77FD2 /* iOSSolvesUtilitiesTests.xctest */ = {isa = PBXFileReference; explicitFileType = wrapper.cfbundle; includeInIndex = 0; path = iOSSolvesUtilitiesTests.xctest; sourceTree = BUILT_PRODUCTS_DIR; };
		AAB950C62A134CD200E77FD2 /* iOSSolvesUtilitiesTests.swift */ = {isa = PBXFileReference; lastKnownFileType = sourcecode.swift; path = iOSSolvesUtilitiesTests.swift; sourceTree = "<group>"; };
		AAB950D12A134D6000E77FD2 /* iOSSolvesUtilities.swift */ = {isa = PBXFileReference; lastKnownFileType = sourcecode.swift; path = iOSSolvesUtilities.swift; sourceTree = "<group>"; };
		AAB950F52A13546600E77FD2 /* iOSSolvesUtilities_iOS.framework */ = {isa = PBXFileReference; explicitFileType = wrapper.framework; includeInIndex = 0; path = iOSSolvesUtilities_iOS.framework; sourceTree = BUILT_PRODUCTS_DIR; };
		AAB950F72A13546600E77FD2 /* iOSSolvesUtilities_iOS.h */ = {isa = PBXFileReference; lastKnownFileType = sourcecode.c.h; path = iOSSolvesUtilities_iOS.h; sourceTree = "<group>"; };
		AAB950F82A13546600E77FD2 /* iOSSolvesUtilities_iOS.docc */ = {isa = PBXFileReference; lastKnownFileType = folder.documentationcatalog; path = iOSSolvesUtilities_iOS.docc; sourceTree = "<group>"; };
		AAB950FE2A13546600E77FD2 /* iOSSolvesUtilities iOSTests.xctest */ = {isa = PBXFileReference; explicitFileType = wrapper.cfbundle; includeInIndex = 0; path = "iOSSolvesUtilities iOSTests.xctest"; sourceTree = BUILT_PRODUCTS_DIR; };
		AAB951032A13546700E77FD2 /* iOSSolvesUtilities_iOSTests.swift */ = {isa = PBXFileReference; lastKnownFileType = sourcecode.swift; path = iOSSolvesUtilities_iOSTests.swift; sourceTree = "<group>"; };
		AAB9510C2A1354F100E77FD2 /* Info-iOS.plist */ = {isa = PBXFileReference; fileEncoding = 4; lastKnownFileType = text.plist.xml; path = "Info-iOS.plist"; sourceTree = "<group>"; };
/* End PBXFileReference section */

/* Begin PBXFrameworksBuildPhase section */
		AAB950B42A134CD200E77FD2 /* Frameworks */ = {
			isa = PBXFrameworksBuildPhase;
			buildActionMask = 2147483647;
			files = (
			);
			runOnlyForDeploymentPostprocessing = 0;
		};
		AAB950BE2A134CD200E77FD2 /* Frameworks */ = {
			isa = PBXFrameworksBuildPhase;
			buildActionMask = 2147483647;
			files = (
				AAB950C22A134CD200E77FD2 /* iOSSolvesUtilities.framework in Frameworks */,
			);
			runOnlyForDeploymentPostprocessing = 0;
		};
		AAB950F22A13546600E77FD2 /* Frameworks */ = {
			isa = PBXFrameworksBuildPhase;
			buildActionMask = 2147483647;
			files = (
			);
			runOnlyForDeploymentPostprocessing = 0;
		};
		AAB950FB2A13546600E77FD2 /* Frameworks */ = {
			isa = PBXFrameworksBuildPhase;
			buildActionMask = 2147483647;
			files = (
				AAB950FF2A13546600E77FD2 /* iOSSolvesUtilities_iOS.framework in Frameworks */,
			);
			runOnlyForDeploymentPostprocessing = 0;
		};
/* End PBXFrameworksBuildPhase section */

/* Begin PBXGroup section */
		AAB950AD2A134CD200E77FD2 = {
			isa = PBXGroup;
			children = (
				AAB950B92A134CD200E77FD2 /* iOSSolvesUtilities */,
				AAB950C52A134CD200E77FD2 /* iOSSolvesUtilitiesTests */,
				AAB950F62A13546600E77FD2 /* iOSSolvesUtilities iOS */,
				AAB951022A13546700E77FD2 /* iOSSolvesUtilities iOSTests */,
				AAB950B82A134CD200E77FD2 /* Products */,
			);
			sourceTree = "<group>";
		};
		AAB950B82A134CD200E77FD2 /* Products */ = {
			isa = PBXGroup;
			children = (
				AAB950B72A134CD200E77FD2 /* iOSSolvesUtilities.framework */,
				AAB950C12A134CD200E77FD2 /* iOSSolvesUtilitiesTests.xctest */,
				AAB950F52A13546600E77FD2 /* iOSSolvesUtilities_iOS.framework */,
				AAB950FE2A13546600E77FD2 /* iOSSolvesUtilities iOSTests.xctest */,
			);
			name = Products;
			sourceTree = "<group>";
		};
		AAB950B92A134CD200E77FD2 /* iOSSolvesUtilities */ = {
			isa = PBXGroup;
			children = (
				AAB950BA2A134CD200E77FD2 /* iOSSolvesUtilities.h */,
				AAB950D12A134D6000E77FD2 /* iOSSolvesUtilities.swift */,
				AAB9510C2A1354F100E77FD2 /* Info-iOS.plist */,
				AAB950BB2A134CD200E77FD2 /* iOSSolvesUtilities.docc */,
			);
			path = iOSSolvesUtilities;
			sourceTree = "<group>";
		};
		AAB950C52A134CD200E77FD2 /* iOSSolvesUtilitiesTests */ = {
			isa = PBXGroup;
			children = (
				AAB950C62A134CD200E77FD2 /* iOSSolvesUtilitiesTests.swift */,
			);
			path = iOSSolvesUtilitiesTests;
			sourceTree = "<group>";
		};
		AAB950F62A13546600E77FD2 /* iOSSolvesUtilities iOS */ = {
			isa = PBXGroup;
			children = (
				AAB950F72A13546600E77FD2 /* iOSSolvesUtilities_iOS.h */,
				AAB950F82A13546600E77FD2 /* iOSSolvesUtilities_iOS.docc */,
			);
			path = "iOSSolvesUtilities iOS";
			sourceTree = "<group>";
		};
		AAB951022A13546700E77FD2 /* iOSSolvesUtilities iOSTests */ = {
			isa = PBXGroup;
			children = (
				AAB951032A13546700E77FD2 /* iOSSolvesUtilities_iOSTests.swift */,
			);
			path = "iOSSolvesUtilities iOSTests";
			sourceTree = "<group>";
		};
/* End PBXGroup section */

/* Begin PBXHeadersBuildPhase section */
		AAB950B22A134CD200E77FD2 /* Headers */ = {
			isa = PBXHeadersBuildPhase;
			buildActionMask = 2147483647;
			files = (
				AAB950C82A134CD200E77FD2 /* iOSSolvesUtilities.h in Headers */,
			);
			runOnlyForDeploymentPostprocessing = 0;
		};
		AAB950F02A13546600E77FD2 /* Headers */ = {
			isa = PBXHeadersBuildPhase;
			buildActionMask = 2147483647;
			files = (
				AAB951052A13546700E77FD2 /* iOSSolvesUtilities_iOS.h in Headers */,
			);
			runOnlyForDeploymentPostprocessing = 0;
		};
/* End PBXHeadersBuildPhase section */

/* Begin PBXNativeTarget section */
		AAB950B62A134CD200E77FD2 /* iOSSolvesUtilities */ = {
			isa = PBXNativeTarget;
			buildConfigurationList = AAB950CB2A134CD200E77FD2 /* Build configuration list for PBXNativeTarget "iOSSolvesUtilities" */;
			buildPhases = (
				AAB950B22A134CD200E77FD2 /* Headers */,
				AAB950B32A134CD200E77FD2 /* Sources */,
				AAB950B42A134CD200E77FD2 /* Frameworks */,
				AAB950B52A134CD200E77FD2 /* Resources */,
			);
			buildRules = (
			);
			dependencies = (
			);
			name = iOSSolvesUtilities;
			productName = iOSSolvesUtilities;
			productReference = AAB950B72A134CD200E77FD2 /* iOSSolvesUtilities.framework */;
			productType = "com.apple.product-type.framework";
		};
		AAB950C02A134CD200E77FD2 /* iOSSolvesUtilitiesTests */ = {
			isa = PBXNativeTarget;
			buildConfigurationList = AAB950CE2A134CD200E77FD2 /* Build configuration list for PBXNativeTarget "iOSSolvesUtilitiesTests" */;
			buildPhases = (
				AAB950BD2A134CD200E77FD2 /* Sources */,
				AAB950BE2A134CD200E77FD2 /* Frameworks */,
				AAB950BF2A134CD200E77FD2 /* Resources */,
			);
			buildRules = (
			);
			dependencies = (
				AAB950C42A134CD200E77FD2 /* PBXTargetDependency */,
			);
			name = iOSSolvesUtilitiesTests;
			productName = iOSSolvesUtilitiesTests;
			productReference = AAB950C12A134CD200E77FD2 /* iOSSolvesUtilitiesTests.xctest */;
			productType = "com.apple.product-type.bundle.unit-test";
		};
		AAB950F42A13546600E77FD2 /* iOSSolvesUtilities iOS */ = {
			isa = PBXNativeTarget;
			buildConfigurationList = AAB9510A2A13546700E77FD2 /* Build configuration list for PBXNativeTarget "iOSSolvesUtilities iOS" */;
			buildPhases = (
				AAB950F02A13546600E77FD2 /* Headers */,
				AAB950F12A13546600E77FD2 /* Sources */,
				AAB950F22A13546600E77FD2 /* Frameworks */,
				AAB950F32A13546600E77FD2 /* Resources */,
			);
			buildRules = (
			);
			dependencies = (
			);
			name = "iOSSolvesUtilities iOS";
			productName = "iOSSolvesUtilities iOS";
			productReference = AAB950F52A13546600E77FD2 /* iOSSolvesUtilities_iOS.framework */;
			productType = "com.apple.product-type.framework";
		};
		AAB950FD2A13546600E77FD2 /* iOSSolvesUtilities iOSTests */ = {
			isa = PBXNativeTarget;
			buildConfigurationList = AAB9510B2A13546700E77FD2 /* Build configuration list for PBXNativeTarget "iOSSolvesUtilities iOSTests" */;
			buildPhases = (
				AAB950FA2A13546600E77FD2 /* Sources */,
				AAB950FB2A13546600E77FD2 /* Frameworks */,
				AAB950FC2A13546600E77FD2 /* Resources */,
			);
			buildRules = (
			);
			dependencies = (
				AAB951012A13546600E77FD2 /* PBXTargetDependency */,
			);
			name = "iOSSolvesUtilities iOSTests";
			productName = "iOSSolvesUtilities iOSTests";
			productReference = AAB950FE2A13546600E77FD2 /* iOSSolvesUtilities iOSTests.xctest */;
			productType = "com.apple.product-type.bundle.unit-test";
		};
/* End PBXNativeTarget section */

/* Begin PBXProject section */
		AAB950AE2A134CD200E77FD2 /* Project object */ = {
			isa = PBXProject;
			attributes = {
				BuildIndependentTargetsInParallel = 1;
				LastSwiftUpdateCheck = 1420;
				LastUpgradeCheck = 1420;
				TargetAttributes = {
					AAB950B62A134CD200E77FD2 = {
						CreatedOnToolsVersion = 14.2;
					};
					AAB950C02A134CD200E77FD2 = {
						CreatedOnToolsVersion = 14.2;
					};
					AAB950F42A13546600E77FD2 = {
						CreatedOnToolsVersion = 14.2;
					};
					AAB950FD2A13546600E77FD2 = {
						CreatedOnToolsVersion = 14.2;
					};
				};
			};
			buildConfigurationList = AAB950B12A134CD200E77FD2 /* Build configuration list for PBXProject "iOSSolvesUtilities" */;
			compatibilityVersion = "Xcode 14.0";
			developmentRegion = en;
			hasScannedForEncodings = 0;
			knownRegions = (
				en,
				Base,
			);
			mainGroup = AAB950AD2A134CD200E77FD2;
			productRefGroup = AAB950B82A134CD200E77FD2 /* Products */;
			projectDirPath = "";
			projectRoot = "";
			targets = (
				AAB950B62A134CD200E77FD2 /* iOSSolvesUtilities */,
				AAB950C02A134CD200E77FD2 /* iOSSolvesUtilitiesTests */,
				AAB950F42A13546600E77FD2 /* iOSSolvesUtilities iOS */,
				AAB950FD2A13546600E77FD2 /* iOSSolvesUtilities iOSTests */,
			);
		};
/* End PBXProject section */

/* Begin PBXResourcesBuildPhase section */
		AAB950B52A134CD200E77FD2 /* Resources */ = {
			isa = PBXResourcesBuildPhase;
			buildActionMask = 2147483647;
			files = (
			);
			runOnlyForDeploymentPostprocessing = 0;
		};
		AAB950BF2A134CD200E77FD2 /* Resources */ = {
			isa = PBXResourcesBuildPhase;
			buildActionMask = 2147483647;
			files = (
			);
			runOnlyForDeploymentPostprocessing = 0;
		};
		AAB950F32A13546600E77FD2 /* Resources */ = {
			isa = PBXResourcesBuildPhase;
			buildActionMask = 2147483647;
			files = (
				AAB9510D2A1354F100E77FD2 /* Info-iOS.plist in Resources */,
			);
			runOnlyForDeploymentPostprocessing = 0;
		};
		AAB950FC2A13546600E77FD2 /* Resources */ = {
			isa = PBXResourcesBuildPhase;
			buildActionMask = 2147483647;
			files = (
			);
			runOnlyForDeploymentPostprocessing = 0;
		};
/* End PBXResourcesBuildPhase section */

/* Begin PBXSourcesBuildPhase section */
		AAB950B32A134CD200E77FD2 /* Sources */ = {
			isa = PBXSourcesBuildPhase;
			buildActionMask = 2147483647;
			files = (
				AAB950D22A134D6000E77FD2 /* iOSSolvesUtilities.swift in Sources */,
				AAB950BC2A134CD200E77FD2 /* iOSSolvesUtilities.docc in Sources */,
			);
			runOnlyForDeploymentPostprocessing = 0;
		};
		AAB950BD2A134CD200E77FD2 /* Sources */ = {
			isa = PBXSourcesBuildPhase;
			buildActionMask = 2147483647;
			files = (
				AAB950D32A134D6000E77FD2 /* iOSSolvesUtilities.swift in Sources */,
				AAB950C72A134CD200E77FD2 /* iOSSolvesUtilitiesTests.swift in Sources */,
			);
			runOnlyForDeploymentPostprocessing = 0;
		};
		AAB950F12A13546600E77FD2 /* Sources */ = {
			isa = PBXSourcesBuildPhase;
			buildActionMask = 2147483647;
			files = (
				AAB950F92A13546600E77FD2 /* iOSSolvesUtilities_iOS.docc in Sources */,
			);
			runOnlyForDeploymentPostprocessing = 0;
		};
		AAB950FA2A13546600E77FD2 /* Sources */ = {
			isa = PBXSourcesBuildPhase;
			buildActionMask = 2147483647;
			files = (
				AAB951042A13546700E77FD2 /* iOSSolvesUtilities_iOSTests.swift in Sources */,
			);
			runOnlyForDeploymentPostprocessing = 0;
		};
/* End PBXSourcesBuildPhase section */

/* Begin PBXTargetDependency section */
		AAB950C42A134CD200E77FD2 /* PBXTargetDependency */ = {
			isa = PBXTargetDependency;
			target = AAB950B62A134CD200E77FD2 /* iOSSolvesUtilities */;
			targetProxy = AAB950C32A134CD200E77FD2 /* PBXContainerItemProxy */;
		};
		AAB951012A13546600E77FD2 /* PBXTargetDependency */ = {
			isa = PBXTargetDependency;
			target = AAB950F42A13546600E77FD2 /* iOSSolvesUtilities iOS */;
			targetProxy = AAB951002A13546600E77FD2 /* PBXContainerItemProxy */;
		};
/* End PBXTargetDependency section */

/* Begin XCBuildConfiguration section */
		AAB950C92A134CD200E77FD2 /* Debug */ = {
			isa = XCBuildConfiguration;
			buildSettings = {
				ALWAYS_SEARCH_USER_PATHS = NO;
				CLANG_ANALYZER_NONNULL = YES;
				CLANG_ANALYZER_NUMBER_OBJECT_CONVERSION = YES_AGGRESSIVE;
				CLANG_CXX_LANGUAGE_STANDARD = "gnu++20";
				CLANG_ENABLE_MODULES = YES;
				CLANG_ENABLE_OBJC_ARC = YES;
				CLANG_ENABLE_OBJC_WEAK = YES;
				CLANG_WARN_BLOCK_CAPTURE_AUTORELEASING = YES;
				CLANG_WARN_BOOL_CONVERSION = YES;
				CLANG_WARN_COMMA = YES;
				CLANG_WARN_CONSTANT_CONVERSION = YES;
				CLANG_WARN_DEPRECATED_OBJC_IMPLEMENTATIONS = YES;
				CLANG_WARN_DIRECT_OBJC_ISA_USAGE = YES_ERROR;
				CLANG_WARN_DOCUMENTATION_COMMENTS = YES;
				CLANG_WARN_EMPTY_BODY = YES;
				CLANG_WARN_ENUM_CONVERSION = YES;
				CLANG_WARN_INFINITE_RECURSION = YES;
				CLANG_WARN_INT_CONVERSION = YES;
				CLANG_WARN_NON_LITERAL_NULL_CONVERSION = YES;
				CLANG_WARN_OBJC_IMPLICIT_RETAIN_SELF = YES;
				CLANG_WARN_OBJC_LITERAL_CONVERSION = YES;
				CLANG_WARN_OBJC_ROOT_CLASS = YES_ERROR;
				CLANG_WARN_QUOTED_INCLUDE_IN_FRAMEWORK_HEADER = YES;
				CLANG_WARN_RANGE_LOOP_ANALYSIS = YES;
				CLANG_WARN_STRICT_PROTOTYPES = YES;
				CLANG_WARN_SUSPICIOUS_MOVE = YES;
				CLANG_WARN_UNGUARDED_AVAILABILITY = YES_AGGRESSIVE;
				CLANG_WARN_UNREACHABLE_CODE = YES;
				CLANG_WARN__DUPLICATE_METHOD_MATCH = YES;
				COPY_PHASE_STRIP = NO;
				CURRENT_PROJECT_VERSION = 1;
				DEBUG_INFORMATION_FORMAT = dwarf;
				ENABLE_STRICT_OBJC_MSGSEND = YES;
				ENABLE_TESTABILITY = YES;
				GCC_C_LANGUAGE_STANDARD = gnu11;
				GCC_DYNAMIC_NO_PIC = NO;
				GCC_NO_COMMON_BLOCKS = YES;
				GCC_OPTIMIZATION_LEVEL = 0;
				GCC_PREPROCESSOR_DEFINITIONS = (
					"DEBUG=1",
					"$(inherited)",
				);
				GCC_WARN_64_TO_32_BIT_CONVERSION = YES;
				GCC_WARN_ABOUT_RETURN_TYPE = YES_ERROR;
				GCC_WARN_UNDECLARED_SELECTOR = YES;
				GCC_WARN_UNINITIALIZED_AUTOS = YES_AGGRESSIVE;
				GCC_WARN_UNUSED_FUNCTION = YES;
				GCC_WARN_UNUSED_VARIABLE = YES;
				IPHONEOS_DEPLOYMENT_TARGET = 16.2;
				MTL_ENABLE_DEBUG_INFO = INCLUDE_SOURCE;
				MTL_FAST_MATH = YES;
				ONLY_ACTIVE_ARCH = YES;
				SDKROOT = iphoneos;
				SWIFT_ACTIVE_COMPILATION_CONDITIONS = DEBUG;
				SWIFT_OPTIMIZATION_LEVEL = "-Onone";
				VERSIONING_SYSTEM = "apple-generic";
				VERSION_INFO_PREFIX = "";
			};
			name = Debug;
		};
		AAB950CA2A134CD200E77FD2 /* Release */ = {
			isa = XCBuildConfiguration;
			buildSettings = {
				ALWAYS_SEARCH_USER_PATHS = NO;
				CLANG_ANALYZER_NONNULL = YES;
				CLANG_ANALYZER_NUMBER_OBJECT_CONVERSION = YES_AGGRESSIVE;
				CLANG_CXX_LANGUAGE_STANDARD = "gnu++20";
				CLANG_ENABLE_MODULES = YES;
				CLANG_ENABLE_OBJC_ARC = YES;
				CLANG_ENABLE_OBJC_WEAK = YES;
				CLANG_WARN_BLOCK_CAPTURE_AUTORELEASING = YES;
				CLANG_WARN_BOOL_CONVERSION = YES;
				CLANG_WARN_COMMA = YES;
				CLANG_WARN_CONSTANT_CONVERSION = YES;
				CLANG_WARN_DEPRECATED_OBJC_IMPLEMENTATIONS = YES;
				CLANG_WARN_DIRECT_OBJC_ISA_USAGE = YES_ERROR;
				CLANG_WARN_DOCUMENTATION_COMMENTS = YES;
				CLANG_WARN_EMPTY_BODY = YES;
				CLANG_WARN_ENUM_CONVERSION = YES;
				CLANG_WARN_INFINITE_RECURSION = YES;
				CLANG_WARN_INT_CONVERSION = YES;
				CLANG_WARN_NON_LITERAL_NULL_CONVERSION = YES;
				CLANG_WARN_OBJC_IMPLICIT_RETAIN_SELF = YES;
				CLANG_WARN_OBJC_LITERAL_CONVERSION = YES;
				CLANG_WARN_OBJC_ROOT_CLASS = YES_ERROR;
				CLANG_WARN_QUOTED_INCLUDE_IN_FRAMEWORK_HEADER = YES;
				CLANG_WARN_RANGE_LOOP_ANALYSIS = YES;
				CLANG_WARN_STRICT_PROTOTYPES = YES;
				CLANG_WARN_SUSPICIOUS_MOVE = YES;
				CLANG_WARN_UNGUARDED_AVAILABILITY = YES_AGGRESSIVE;
				CLANG_WARN_UNREACHABLE_CODE = YES;
				CLANG_WARN__DUPLICATE_METHOD_MATCH = YES;
				COPY_PHASE_STRIP = NO;
				CURRENT_PROJECT_VERSION = 1;
				DEBUG_INFORMATION_FORMAT = "dwarf-with-dsym";
				ENABLE_NS_ASSERTIONS = NO;
				ENABLE_STRICT_OBJC_MSGSEND = YES;
				GCC_C_LANGUAGE_STANDARD = gnu11;
				GCC_NO_COMMON_BLOCKS = YES;
				GCC_WARN_64_TO_32_BIT_CONVERSION = YES;
				GCC_WARN_ABOUT_RETURN_TYPE = YES_ERROR;
				GCC_WARN_UNDECLARED_SELECTOR = YES;
				GCC_WARN_UNINITIALIZED_AUTOS = YES_AGGRESSIVE;
				GCC_WARN_UNUSED_FUNCTION = YES;
				GCC_WARN_UNUSED_VARIABLE = YES;
				IPHONEOS_DEPLOYMENT_TARGET = 16.2;
				MTL_ENABLE_DEBUG_INFO = NO;
				MTL_FAST_MATH = YES;
				SDKROOT = iphoneos;
				SWIFT_COMPILATION_MODE = wholemodule;
				SWIFT_OPTIMIZATION_LEVEL = "-O";
				VALIDATE_PRODUCT = YES;
				VERSIONING_SYSTEM = "apple-generic";
				VERSION_INFO_PREFIX = "";
			};
			name = Release;
		};
		AAB950CC2A134CD200E77FD2 /* Debug */ = {
			isa = XCBuildConfiguration;
			buildSettings = {
				CODE_SIGN_STYLE = Automatic;
				CURRENT_PROJECT_VERSION = 1;
				DEFINES_MODULE = YES;
				DYLIB_COMPATIBILITY_VERSION = 1;
				DYLIB_CURRENT_VERSION = 1;
				DYLIB_INSTALL_NAME_BASE = "@rpath";
				GENERATE_INFOPLIST_FILE = YES;
				INFOPLIST_KEY_NSHumanReadableCopyright = "";
				INSTALL_PATH = "$(LOCAL_LIBRARY_DIR)/Frameworks";
				IPHONEOS_DEPLOYMENT_TARGET = 15.0;
				LD_RUNPATH_SEARCH_PATHS = (
					"$(inherited)",
					"@executable_path/Frameworks",
					"@loader_path/Frameworks",
				);
				MARKETING_VERSION = 1.0;
				PRODUCT_BUNDLE_IDENTIFIER = com.karunakar.practice.iOSSolvesUtilities;
				PRODUCT_NAME = "$(TARGET_NAME:c99extidentifier)";
				SKIP_INSTALL = YES;
				SWIFT_EMIT_LOC_STRINGS = YES;
				SWIFT_VERSION = 5.0;
				TARGETED_DEVICE_FAMILY = "1,2";
			};
			name = Debug;
		};
		AAB950CD2A134CD200E77FD2 /* Release */ = {
			isa = XCBuildConfiguration;
			buildSettings = {
				CODE_SIGN_STYLE = Automatic;
				CURRENT_PROJECT_VERSION = 1;
				DEFINES_MODULE = YES;
				DYLIB_COMPATIBILITY_VERSION = 1;
				DYLIB_CURRENT_VERSION = 1;
				DYLIB_INSTALL_NAME_BASE = "@rpath";
				GENERATE_INFOPLIST_FILE = YES;
				INFOPLIST_KEY_NSHumanReadableCopyright = "";
				INSTALL_PATH = "$(LOCAL_LIBRARY_DIR)/Frameworks";
				IPHONEOS_DEPLOYMENT_TARGET = 15.0;
				LD_RUNPATH_SEARCH_PATHS = (
					"$(inherited)",
					"@executable_path/Frameworks",
					"@loader_path/Frameworks",
				);
				MARKETING_VERSION = 1.0;
				PRODUCT_BUNDLE_IDENTIFIER = com.karunakar.practice.iOSSolvesUtilities;
				PRODUCT_NAME = "$(TARGET_NAME:c99extidentifier)";
				SKIP_INSTALL = YES;
				SWIFT_EMIT_LOC_STRINGS = YES;
				SWIFT_VERSION = 5.0;
				TARGETED_DEVICE_FAMILY = "1,2";
			};
			name = Release;
		};
		AAB950CF2A134CD200E77FD2 /* Debug */ = {
			isa = XCBuildConfiguration;
			buildSettings = {
				ALWAYS_EMBED_SWIFT_STANDARD_LIBRARIES = YES;
				CODE_SIGN_STYLE = Automatic;
				CURRENT_PROJECT_VERSION = 1;
				GENERATE_INFOPLIST_FILE = YES;
				MARKETING_VERSION = 1.0;
				PRODUCT_BUNDLE_IDENTIFIER = com.karunakar.practice.iOSSolvesUtilitiesTests;
				PRODUCT_NAME = "$(TARGET_NAME)";
				SWIFT_EMIT_LOC_STRINGS = NO;
				SWIFT_VERSION = 5.0;
				TARGETED_DEVICE_FAMILY = "1,2";
			};
			name = Debug;
		};
		AAB950D02A134CD200E77FD2 /* Release */ = {
			isa = XCBuildConfiguration;
			buildSettings = {
				ALWAYS_EMBED_SWIFT_STANDARD_LIBRARIES = YES;
				CODE_SIGN_STYLE = Automatic;
				CURRENT_PROJECT_VERSION = 1;
				GENERATE_INFOPLIST_FILE = YES;
				MARKETING_VERSION = 1.0;
				PRODUCT_BUNDLE_IDENTIFIER = com.karunakar.practice.iOSSolvesUtilitiesTests;
				PRODUCT_NAME = "$(TARGET_NAME)";
				SWIFT_EMIT_LOC_STRINGS = NO;
				SWIFT_VERSION = 5.0;
				TARGETED_DEVICE_FAMILY = "1,2";
			};
			name = Release;
		};
		AAB951062A13546700E77FD2 /* Debug */ = {
			isa = XCBuildConfiguration;
			buildSettings = {
				CODE_SIGN_STYLE = Automatic;
				CURRENT_PROJECT_VERSION = 1;
				DEFINES_MODULE = YES;
				DYLIB_COMPATIBILITY_VERSION = 1;
				DYLIB_CURRENT_VERSION = 1;
				DYLIB_INSTALL_NAME_BASE = "@rpath";
				GENERATE_INFOPLIST_FILE = YES;
				INFOPLIST_KEY_NSHumanReadableCopyright = "";
				INSTALL_PATH = "$(LOCAL_LIBRARY_DIR)/Frameworks";
				IPHONEOS_DEPLOYMENT_TARGET = 15.0;
				LD_RUNPATH_SEARCH_PATHS = (
					"$(inherited)",
					"@executable_path/Frameworks",
					"@loader_path/Frameworks",
				);
				MARKETING_VERSION = 1.0;
				PRODUCT_BUNDLE_IDENTIFIER = "com.karunakar.practice.iOSSolvesUtilities-iOS";
				PRODUCT_NAME = "$(TARGET_NAME:c99extidentifier)";
				SKIP_INSTALL = YES;
				SWIFT_EMIT_LOC_STRINGS = YES;
				SWIFT_VERSION = 5.0;
				TARGETED_DEVICE_FAMILY = "1,2";
			};
			name = Debug;
		};
		AAB951072A13546700E77FD2 /* Release */ = {
			isa = XCBuildConfiguration;
			buildSettings = {
				CODE_SIGN_STYLE = Automatic;
				CURRENT_PROJECT_VERSION = 1;
				DEFINES_MODULE = YES;
				DYLIB_COMPATIBILITY_VERSION = 1;
				DYLIB_CURRENT_VERSION = 1;
				DYLIB_INSTALL_NAME_BASE = "@rpath";
				GENERATE_INFOPLIST_FILE = YES;
				INFOPLIST_KEY_NSHumanReadableCopyright = "";
				INSTALL_PATH = "$(LOCAL_LIBRARY_DIR)/Frameworks";
				IPHONEOS_DEPLOYMENT_TARGET = 15.0;
				LD_RUNPATH_SEARCH_PATHS = (
					"$(inherited)",
					"@executable_path/Frameworks",
					"@loader_path/Frameworks",
				);
				MARKETING_VERSION = 1.0;
				PRODUCT_BUNDLE_IDENTIFIER = "com.karunakar.practice.iOSSolvesUtilities-iOS";
				PRODUCT_NAME = "$(TARGET_NAME:c99extidentifier)";
				SKIP_INSTALL = YES;
				SWIFT_EMIT_LOC_STRINGS = YES;
				SWIFT_VERSION = 5.0;
				TARGETED_DEVICE_FAMILY = "1,2";
			};
			name = Release;
		};
		AAB951082A13546700E77FD2 /* Debug */ = {
			isa = XCBuildConfiguration;
			buildSettings = {
				CODE_SIGN_STYLE = Automatic;
				CURRENT_PROJECT_VERSION = 1;
				GENERATE_INFOPLIST_FILE = YES;
				MARKETING_VERSION = 1.0;
				PRODUCT_BUNDLE_IDENTIFIER = "com.karunakar.practice.iOSSolvesUtilities-iOSTests";
				PRODUCT_NAME = "$(TARGET_NAME)";
				SWIFT_EMIT_LOC_STRINGS = NO;
				SWIFT_VERSION = 5.0;
				TARGETED_DEVICE_FAMILY = "1,2";
			};
			name = Debug;
		};
		AAB951092A13546700E77FD2 /* Release */ = {
			isa = XCBuildConfiguration;
			buildSettings = {
				CODE_SIGN_STYLE = Automatic;
				CURRENT_PROJECT_VERSION = 1;
				GENERATE_INFOPLIST_FILE = YES;
				MARKETING_VERSION = 1.0;
				PRODUCT_BUNDLE_IDENTIFIER = "com.karunakar.practice.iOSSolvesUtilities-iOSTests";
				PRODUCT_NAME = "$(TARGET_NAME)";
				SWIFT_EMIT_LOC_STRINGS = NO;
				SWIFT_VERSION = 5.0;
				TARGETED_DEVICE_FAMILY = "1,2";
			};
			name = Release;
		};
/* End XCBuildConfiguration section */

/* Begin XCConfigurationList section */
		AAB950B12A134CD200E77FD2 /* Build configuration list for PBXProject "iOSSolvesUtilities" */ = {
			isa = XCConfigurationList;
			buildConfigurations = (
				AAB950C92A134CD200E77FD2 /* Debug */,
				AAB950CA2A134CD200E77FD2 /* Release */,
			);
			defaultConfigurationIsVisible = 0;
			defaultConfigurationName = Release;
		};
		AAB950CB2A134CD200E77FD2 /* Build configuration list for PBXNativeTarget "iOSSolvesUtilities" */ = {
			isa = XCConfigurationList;
			buildConfigurations = (
				AAB950CC2A134CD200E77FD2 /* Debug */,
				AAB950CD2A134CD200E77FD2 /* Release */,
			);
			defaultConfigurationIsVisible = 0;
			defaultConfigurationName = Release;
		};
		AAB950CE2A134CD200E77FD2 /* Build configuration list for PBXNativeTarget "iOSSolvesUtilitiesTests" */ = {
			isa = XCConfigurationList;
			buildConfigurations = (
				AAB950CF2A134CD200E77FD2 /* Debug */,
				AAB950D02A134CD200E77FD2 /* Release */,
			);
			defaultConfigurationIsVisible = 0;
			defaultConfigurationName = Release;
		};
		AAB9510A2A13546700E77FD2 /* Build configuration list for PBXNativeTarget "iOSSolvesUtilities iOS" */ = {
			isa = XCConfigurationList;
			buildConfigurations = (
				AAB951062A13546700E77FD2 /* Debug */,
				AAB951072A13546700E77FD2 /* Release */,
			);
			defaultConfigurationIsVisible = 0;
			defaultConfigurationName = Release;
		};
		AAB9510B2A13546700E77FD2 /* Build configuration list for PBXNativeTarget "iOSSolvesUtilities iOSTests" */ = {
			isa = XCConfigurationList;
			buildConfigurations = (
				AAB951082A13546700E77FD2 /* Debug */,
				AAB951092A13546700E77FD2 /* Release */,
			);
			defaultConfigurationIsVisible = 0;
			defaultConfigurationName = Release;
		};
/* End XCConfigurationList section */
	};
	rootObject = AAB950AE2A134CD200E77FD2 /* Project object */;
}
